
Microsoft Visual Studio Solution File, Format Version 12.00
# Visual Studio Version 16
VisualStudioVersion = 16.0.30621.155
MinimumVisualStudioVersion = 10.0.40219.1
Project("{FAE04EC0-301F-11D3-BF4B-00C04F79EFBC}") = "sln6", "sln6\sln6.csproj", "{735F5BDF-6ECE-4324-895B-4675257D42C3}"
EndProject
Global
	GlobalSection(SolutionConfigurationPlatforms) = preSolution
		Debug|Any CPU = Debug|Any CPU
		Release|Any CPU = Release|Any CPU
	EndGlobalSection
	GlobalSection(ProjectConfigurationPlatforms) = postSolution
		{735F5BDF-6ECE-4324-895B-4675257D42C3}.Debug|Any CPU.ActiveCfg = Debug|Any CPU
		{735F5BDF-6ECE-4324-895B-4675257D42C3}.Debug|Any CPU.Build.0 = Debug|Any CPU
		{735F5BDF-6ECE-4324-895B-4675257D42C3}.Release|Any CPU.ActiveCfg = Release|Any CPU
		{735F5BDF-6ECE-4324-895B-4675257D42C3}.Release|Any CPU.Build.0 = Release|Any CPU
	EndGlobalSection
	GlobalSection(SolutionProperties) = preSolution
		HideSolutionNode = FALSE
	EndGlobalSection
	GlobalSection(ExtensibilityGlobals) = postSolution
		SolutionGuid = {30257ECA-404F-4063-BBA0-22850B5F1DBC}
	EndGlobalSection
EndGlobal
