
Microsoft Visual Studio Solution File, Format Version 12.00
# Visual Studio Version 16
VisualStudioVersion = 16.0.30621.155
MinimumVisualStudioVersion = 10.0.40219.1
Project("{FAE04EC0-301F-11D3-BF4B-00C04F79EFBC}") = "sln3", "sln3\sln3.csproj", "{D21DB0B1-4F34-4D23-96E4-116D2854179C}"
EndProject
Global
	GlobalSection(SolutionConfigurationPlatforms) = preSolution
		Debug|Any CPU = Debug|Any CPU
		Release|Any CPU = Release|Any CPU
	EndGlobalSection
	GlobalSection(ProjectConfigurationPlatforms) = postSolution
		{D21DB0B1-4F34-4D23-96E4-116D2854179C}.Debug|Any CPU.ActiveCfg = Debug|Any CPU
		{D21DB0B1-4F34-4D23-96E4-116D2854179C}.Debug|Any CPU.Build.0 = Debug|Any CPU
		{D21DB0B1-4F34-4D23-96E4-116D2854179C}.Release|Any CPU.ActiveCfg = Release|Any CPU
		{D21DB0B1-4F34-4D23-96E4-116D2854179C}.Release|Any CPU.Build.0 = Release|Any CPU
	EndGlobalSection
	GlobalSection(SolutionProperties) = preSolution
		HideSolutionNode = FALSE
	EndGlobalSection
	GlobalSection(ExtensibilityGlobals) = postSolution
		SolutionGuid = {F42F9B93-44A1-42FD-B6E4-1AB18CF69DE3}
	EndGlobalSection
EndGlobal
